
Microsoft Visual Studio Solution File, Format Version 12.00
Project("{FAE04EC0-301F-11D3-BF4B-00C04F79EFBC}") = "Producer", "Producer\Producer.csproj", "{C320E453-11B0-492F-A3A9-812281E5493F}"
EndProject
Project("{FAE04EC0-301F-11D3-BF4B-00C04F79EFBC}") = "Consumer", "Consumer\Consumer.csproj", "{B886BE9F-E7FF-4895-BDAC-6E455FF4044A}"
EndProject
Global
	GlobalSection(SolutionConfigurationPlatforms) = preSolution
		Debug|Any CPU = Debug|Any CPU
		Release|Any CPU = Release|Any CPU
	EndGlobalSection
	GlobalSection(ProjectConfigurationPlatforms) = postSolution
		{C320E453-11B0-492F-A3A9-812281E5493F}.Debug|Any CPU.ActiveCfg = Debug|Any CPU
		{C320E453-11B0-492F-A3A9-812281E5493F}.Debug|Any CPU.Build.0 = Debug|Any CPU
		{C320E453-11B0-492F-A3A9-812281E5493F}.Release|Any CPU.ActiveCfg = Release|Any CPU
		{C320E453-11B0-492F-A3A9-812281E5493F}.Release|Any CPU.Build.0 = Release|Any CPU
		{B886BE9F-E7FF-4895-BDAC-6E455FF4044A}.Debug|Any CPU.ActiveCfg = Debug|Any CPU
		{B886BE9F-E7FF-4895-BDAC-6E455FF4044A}.Debug|Any CPU.Build.0 = Debug|Any CPU
		{B886BE9F-E7FF-4895-BDAC-6E455FF4044A}.Release|Any CPU.ActiveCfg = Release|Any CPU
		{B886BE9F-E7FF-4895-BDAC-6E455FF4044A}.Release|Any CPU.Build.0 = Release|Any CPU
	EndGlobalSection
EndGlobal
